
Microsoft Visual Studio Solution File, Format Version 12.00
# Visual Studio 2013
VisualStudioVersion = 12.0.40629.0
MinimumVisualStudioVersion = 10.0.40219.1
Project("{FAE04EC0-301F-11D3-BF4B-00C04F79EFBC}") = "WindowsPhoneDriver.OuterDriver", "WindowsPhoneDriver.OuterDriver\WindowsPhoneDriver.OuterDriver.csproj", "{3B1E2EBC-6036-4363-A4FD-70EF0679A873}"
EndProject
Project("{FAE04EC0-301F-11D3-BF4B-00C04F79EFBC}") = "WindowsPhoneDriver.InnerDriver", "WindowsPhoneDriver.InnerDriver\WindowsPhoneDriver.InnerDriver.csproj", "{BC2B2946-0F51-4C34-B8EB-1331BF076A70}"
EndProject
Project("{2150E333-8FDC-42A3-9474-1A3956D46DE8}") = "Solution Items", "Solution Items", "{96587DE9-4F92-4855-B830-8F2CCC7DE68F}"
	ProjectSection(SolutionItems) = preProject
		Settings.StyleCop = Settings.StyleCop
	EndProjectSection
EndProject
Project("{FAE04EC0-301F-11D3-BF4B-00C04F79EFBC}") = "WindowsPhoneDriver.Common", "WindowsPhoneDriver.Common\WindowsPhoneDriver.Common.csproj", "{A4248EC1-20AD-47B9-956F-A036E4D7425B}"
EndProject
Project("{2150E333-8FDC-42A3-9474-1A3956D46DE8}") = ".nuget", ".nuget", "{7F5D8953-F887-4581-8BA3-C4D4F4C3BD0C}"
	ProjectSection(SolutionItems) = preProject
		.nuget\NuGet.Config = .nuget\NuGet.Config
		.nuget\NuGet.exe = .nuget\NuGet.exe
		.nuget\NuGet.targets = .nuget\NuGet.targets
	EndProjectSection
EndProject
Project("{FAE04EC0-301F-11D3-BF4B-00C04F79EFBC}") = "TestApp", "TestApp\TestApp.csproj", "{8A202F60-6343-4FEF-B838-FB7C668BA29D}"
EndProject
Project("{FAE04EC0-301F-11D3-BF4B-00C04F79EFBC}") = "Microsoft.Phone.Tools.Deploy.Patched", "Microsoft.Phone.Tools.Deploy.Patched\Microsoft.Phone.Tools.Deploy.Patched.csproj", "{13B4DF5C-E542-4A7A-8F00-929D423B522C}"
EndProject
Project("{FAE04EC0-301F-11D3-BF4B-00C04F79EFBC}") = "Winium.Mobile.Connectivity", "Winium.Mobile.Connectivity\Winium.Mobile.Connectivity.csproj", "{DA38085E-F3DB-46EF-8889-D89283924917}"
EndProject
Project("{FAE04EC0-301F-11D3-BF4B-00C04F79EFBC}") = "Winium.Logging", "Winium.Logging\Winium.Logging.csproj", "{420652CD-FC70-44DC-9AA4-CC83DE10AA50}"
EndProject
Global
	GlobalSection(SolutionConfigurationPlatforms) = preSolution
		Debug|Mixed Platforms = Debug|Mixed Platforms
		Release|Mixed Platforms = Release|Mixed Platforms
	EndGlobalSection
	GlobalSection(ProjectConfigurationPlatforms) = postSolution
		{3B1E2EBC-6036-4363-A4FD-70EF0679A873}.Debug|Mixed Platforms.ActiveCfg = Debug|x86
		{3B1E2EBC-6036-4363-A4FD-70EF0679A873}.Debug|Mixed Platforms.Build.0 = Debug|x86
		{3B1E2EBC-6036-4363-A4FD-70EF0679A873}.Release|Mixed Platforms.ActiveCfg = Release|x86
		{3B1E2EBC-6036-4363-A4FD-70EF0679A873}.Release|Mixed Platforms.Build.0 = Release|x86
		{BC2B2946-0F51-4C34-B8EB-1331BF076A70}.Debug|Mixed Platforms.ActiveCfg = Debug|Any CPU
		{BC2B2946-0F51-4C34-B8EB-1331BF076A70}.Debug|Mixed Platforms.Build.0 = Debug|Any CPU
		{BC2B2946-0F51-4C34-B8EB-1331BF076A70}.Release|Mixed Platforms.ActiveCfg = Release|x86
		{BC2B2946-0F51-4C34-B8EB-1331BF076A70}.Release|Mixed Platforms.Build.0 = Release|x86
		{A4248EC1-20AD-47B9-956F-A036E4D7425B}.Debug|Mixed Platforms.ActiveCfg = Debug|Any CPU
		{A4248EC1-20AD-47B9-956F-A036E4D7425B}.Debug|Mixed Platforms.Build.0 = Debug|Any CPU
		{A4248EC1-20AD-47B9-956F-A036E4D7425B}.Release|Mixed Platforms.ActiveCfg = Release|Any CPU
		{A4248EC1-20AD-47B9-956F-A036E4D7425B}.Release|Mixed Platforms.Build.0 = Release|Any CPU
		{8A202F60-6343-4FEF-B838-FB7C668BA29D}.Debug|Mixed Platforms.ActiveCfg = Debug|x86
		{8A202F60-6343-4FEF-B838-FB7C668BA29D}.Debug|Mixed Platforms.Build.0 = Debug|x86
		{8A202F60-6343-4FEF-B838-FB7C668BA29D}.Debug|Mixed Platforms.Deploy.0 = Debug|x86
		{8A202F60-6343-4FEF-B838-FB7C668BA29D}.Release|Mixed Platforms.ActiveCfg = Release|x86
		{8A202F60-6343-4FEF-B838-FB7C668BA29D}.Release|Mixed Platforms.Build.0 = Release|x86
		{8A202F60-6343-4FEF-B838-FB7C668BA29D}.Release|Mixed Platforms.Deploy.0 = Release|x86
		{13B4DF5C-E542-4A7A-8F00-929D423B522C}.Debug|Mixed Platforms.ActiveCfg = Debug|x86
		{13B4DF5C-E542-4A7A-8F00-929D423B522C}.Debug|Mixed Platforms.Build.0 = Debug|x86
		{13B4DF5C-E542-4A7A-8F00-929D423B522C}.Release|Mixed Platforms.ActiveCfg = Release|x86
		{13B4DF5C-E542-4A7A-8F00-929D423B522C}.Release|Mixed Platforms.Build.0 = Release|x86
		{DA38085E-F3DB-46EF-8889-D89283924917}.Debug|Mixed Platforms.ActiveCfg = Debug|x86
		{DA38085E-F3DB-46EF-8889-D89283924917}.Debug|Mixed Platforms.Build.0 = Debug|x86
		{DA38085E-F3DB-46EF-8889-D89283924917}.Release|Mixed Platforms.ActiveCfg = Release|x86
		{DA38085E-F3DB-46EF-8889-D89283924917}.Release|Mixed Platforms.Build.0 = Release|x86
		{420652CD-FC70-44DC-9AA4-CC83DE10AA50}.Debug|Mixed Platforms.ActiveCfg = Debug|Any CPU
		{420652CD-FC70-44DC-9AA4-CC83DE10AA50}.Debug|Mixed Platforms.Build.0 = Debug|Any CPU
		{420652CD-FC70-44DC-9AA4-CC83DE10AA50}.Release|Mixed Platforms.ActiveCfg = Release|Any CPU
		{420652CD-FC70-44DC-9AA4-CC83DE10AA50}.Release|Mixed Platforms.Build.0 = Release|Any CPU
	EndGlobalSection
	GlobalSection(SolutionProperties) = preSolution
		HideSolutionNode = FALSE
	EndGlobalSection
EndGlobal
